
Microsoft Visual Studio Solution File, Format Version 12.00
# Visual Studio Version 17
VisualStudioVersion = 17.13.35825.156 d17.13
MinimumVisualStudioVersion = 10.0.40219.1
Project("{FAE04EC0-301F-11D3-BF4B-00C04F79EFBC}") = "tpmodul6_103022330091", "tpmodul6_103022330091.csproj", "{44274DCD-F80C-4E01-BB69-73410907A61B}"
EndProject
Global
	GlobalSection(SolutionConfigurationPlatforms) = preSolution
		Debug|Any CPU = Debug|Any CPU
		Release|Any CPU = Release|Any CPU
	EndGlobalSection
	GlobalSection(ProjectConfigurationPlatforms) = postSolution
		{44274DCD-F80C-4E01-BB69-73410907A61B}.Debug|Any CPU.ActiveCfg = Debug|Any CPU
		{44274DCD-F80C-4E01-BB69-73410907A61B}.Debug|Any CPU.Build.0 = Debug|Any CPU
		{44274DCD-F80C-4E01-BB69-73410907A61B}.Release|Any CPU.ActiveCfg = Release|Any CPU
		{44274DCD-F80C-4E01-BB69-73410907A61B}.Release|Any CPU.Build.0 = Release|Any CPU
	EndGlobalSection
	GlobalSection(SolutionProperties) = preSolution
		HideSolutionNode = FALSE
	EndGlobalSection
	GlobalSection(ExtensibilityGlobals) = postSolution
		SolutionGuid = {DB32F485-9D20-4C11-9082-A26D1303178D}
	EndGlobalSection
EndGlobal
